Microsoft Visual Studio Solution File, Format Version 12.00
# Visual Studio 15
VisualStudioVersion = 15.0.28010.0
MinimumVisualStudioVersion = 10.0.40219.1
Project("{FAE04EC0-301F-11D3-BF4B-00C04F79EFBC}") = "TestPAWeb", "TestPAWeb\TestPAWeb.csproj", "{D149B646-610F-4CCF-BD35-F58FA08448DD}"
	ProjectSection(ProjectDependencies) = postProject
		{BEA3030B-28C7-4791-B160-A8DC5CA442BE} = {BEA3030B-28C7-4791-B160-A8DC5CA442BE}
		{754BBA29-752D-4FED-B165-48C6DC89E79C} = {754BBA29-752D-4FED-B165-48C6DC89E79C}
		{46EB6F5D-4E53-4650-A88F-03208282EB43} = {46EB6F5D-4E53-4650-A88F-03208282EB43}
		{BE3E8C5D-29F4-4F80-9E3E-4FCE59F1B50D} = {BE3E8C5D-29F4-4F80-9E3E-4FCE59F1B50D}
		{43D8126B-9C8A-4991-A93D-C23FBD20E0E3} = {43D8126B-9C8A-4991-A93D-C23FBD20E0E3}
		{F0C6FB6B-8A8D-4BD6-86BF-4C5755C678F8} = {F0C6FB6B-8A8D-4BD6-86BF-4C5755C678F8}
		{617DC295-748A-44B7-AE3B-E3D846425765} = {617DC295-748A-44B7-AE3B-E3D846425765}
		{E223AFA6-7775-441F-B4DB-8C8C9C4B731D} = {E223AFA6-7775-441F-B4DB-8C8C9C4B731D}
		{F35A26AE-E79F-4FC2-832A-01F6F4550128} = {F35A26AE-E79F-4FC2-832A-01F6F4550128}
		{142022D8-B853-4C9E-AB93-3504969A9F26} = {142022D8-B853-4C9E-AB93-3504969A9F26}
		{AB282BEF-1137-4FDC-BAA1-D33573317F2C} = {AB282BEF-1137-4FDC-BAA1-D33573317F2C}
	EndProjectSection
EndProject
Project("{2150E333-8FDC-42A3-9474-1A3956D46DE8}") = "Eventi", "Eventi", "{2C634148-D75A-44FD-A2F0-DAA3DE916C2E}"
EndProject
Project("{FAE04EC0-301F-11D3-BF4B-00C04F79EFBC}") = "INASaia.Data.OracleDb", "..\..\INASAIA.NET\INASaia.Data.OracleDb\INASaia.Data.OracleDb.csproj", "{617DC295-748A-44B7-AE3B-E3D846425765}"
EndProject
Project("{FAE04EC0-301F-11D3-BF4B-00C04F79EFBC}") = "INASaia.DataContracts", "..\..\INASAIA.NET\INASaia.DataContracts\INASaia.DataContracts.csproj", "{754BBA29-752D-4FED-B165-48C6DC89E79C}"
EndProject
Project("{FAE04EC0-301F-11D3-BF4B-00C04F79EFBC}") = "INASaia.Model", "..\..\INASAIA.NET\INASaia.Model\INASaia.Model.csproj", "{E223AFA6-7775-441F-B4DB-8C8C9C4B731D}"
EndProject
Project("{FAE04EC0-301F-11D3-BF4B-00C04F79EFBC}") = "INASaia.ServiceContracts", "..\..\INASAIA.NET\INASaia.ServiceContracts\INASaia.ServiceContracts.csproj", "{BEA3030B-28C7-4791-B160-A8DC5CA442BE}"
EndProject
Project("{FAE04EC0-301F-11D3-BF4B-00C04F79EFBC}") = "INASaia.Services", "..\..\INASAIA.NET\INASaia.Services\INASaia.Services.csproj", "{AB282BEF-1137-4FDC-BAA1-D33573317F2C}"
EndProject
Project("{FAE04EC0-301F-11D3-BF4B-00C04F79EFBC}") = "FaxPec.Data.UnisysStub", "..\..\FaxPec\GestioneIterPratica\FaxPec.Data.UnisysStub\FaxPec.Data.UnisysStub.csproj", "{F0C6FB6B-8A8D-4BD6-86BF-4C5755C678F8}"
EndProject
Project("{FAE04EC0-301F-11D3-BF4B-00C04F79EFBC}") = "Com.Unisys.Logging", "..\..\UnisysLibrary\Com.Unisys.Logging\Com.Unisys.Logging.csproj", "{F35A26AE-E79F-4FC2-832A-01F6F4550128}"
EndProject
Project("{F184B08F-C81C-45F6-A57F-5ABD9991F28F}") = "Unisys.CdR.CustomProfile", "..\PA Base Solution\Unisys.CdR.CustomProfile\Unisys.CdR.CustomProfile.vbproj", "{BE3E8C5D-29F4-4F80-9E3E-4FCE59F1B50D}"
EndProject
Project("{F184B08F-C81C-45F6-A57F-5ABD9991F28F}") = "Unisys.CdR.VerificheAnagrafiche", "..\IntegrazioneAnagrafe\Unisys.CdR.VerificheAnagrafiche\Unisys.CdR.VerificheAnagrafiche.vbproj", "{46EB6F5D-4E53-4650-A88F-03208282EB43}"
EndProject
Project("{F184B08F-C81C-45F6-A57F-5ABD9991F28F}") = "Unisys.CdR.CacheAnagrafe", "..\IntegrazioneAnagrafe\Unisys.CdR.CacheAnagrafe\Unisys.CdR.CacheAnagrafe.vbproj", "{43D8126B-9C8A-4991-A93D-C23FBD20E0E3}"
EndProject
Project("{F184B08F-C81C-45F6-A57F-5ABD9991F28F}") = "Unisys.CdR.OpenTI", "..\IntegrazioneAnagrafe\Unisys.CdR.OpenTI\Unisys.CdR.OpenTI.vbproj", "{142022D8-B853-4C9E-AB93-3504969A9F26}"
EndProject
Project("{FAE04EC0-301F-11D3-BF4B-00C04F79EFBC}") = "WS", "WS\WS.csproj", "{4FE8030A-2EB4-4E4A-B5FC-38D647E336AE}"
EndProject
Project("{F184B08F-C81C-45F6-A57F-5ABD9991F28F}") = "Unisys.CdR.SOAPUtilities", "..\PA Base Solution\Unisys.CdR.SOAPUtilities\Unisys.CdR.SOAPUtilities.vbproj", "{A794AADB-BAF5-4CFA-B025-184E0B244BF9}"
EndProject
Global
	GlobalSection(SolutionConfigurationPlatforms) = preSolution
		Debug|.NET = Debug|.NET
		Debug|Any CPU = Debug|Any CPU
		Debug|Mixed Platforms = Debug|Mixed Platforms
		Debug|x64 = Debug|x64
		Debug|x86 = Debug|x86
		Release|.NET = Release|.NET
		Release|Any CPU = Release|Any CPU
		Release|Mixed Platforms = Release|Mixed Platforms
		Release|x64 = Release|x64
		Release|x86 = Release|x86
		x|.NET = x|.NET
		x|Any CPU = x|Any CPU
		x|Mixed Platforms = x|Mixed Platforms
		x|x64 = x|x64
		x|x86 = x|x86
	EndGlobalSection
	GlobalSection(ProjectConfigurationPlatforms) = postSolution
		{D149B646-610F-4CCF-BD35-F58FA08448DD}.Debug|.NET.ActiveCfg = Debug|Any CPU
		{D149B646-610F-4CCF-BD35-F58FA08448DD}.Debug|Any CPU.ActiveCfg = Debug|Any CPU
		{D149B646-610F-4CCF-BD35-F58FA08448DD}.Debug|Any CPU.Build.0 = Debug|Any CPU
		{D149B646-610F-4CCF-BD35-F58FA08448DD}.Debug|Mixed Platforms.ActiveCfg = Debug|Any CPU
		{D149B646-610F-4CCF-BD35-F58FA08448DD}.Debug|Mixed Platforms.Build.0 = Debug|Any CPU
		{D149B646-610F-4CCF-BD35-F58FA08448DD}.Debug|x64.ActiveCfg = Debug|Any CPU
		{D149B646-610F-4CCF-BD35-F58FA08448DD}.Debug|x64.Build.0 = Debug|Any CPU
		{D149B646-610F-4CCF-BD35-F58FA08448DD}.Debug|x86.ActiveCfg = Debug|Any CPU
		{D149B646-610F-4CCF-BD35-F58FA08448DD}.Debug|x86.Build.0 = Debug|Any CPU
		{D149B646-610F-4CCF-BD35-F58FA08448DD}.Release|.NET.ActiveCfg = Release|Any CPU
		{D149B646-610F-4CCF-BD35-F58FA08448DD}.Release|Any CPU.ActiveCfg = Release|Any CPU
		{D149B646-610F-4CCF-BD35-F58FA08448DD}.Release|Any CPU.Build.0 = Release|Any CPU
		{D149B646-610F-4CCF-BD35-F58FA08448DD}.Release|Mixed Platforms.ActiveCfg = Release|Any CPU
		{D149B646-610F-4CCF-BD35-F58FA08448DD}.Release|Mixed Platforms.Build.0 = Release|Any CPU
		{D149B646-610F-4CCF-BD35-F58FA08448DD}.Release|x64.ActiveCfg = Release|Any CPU
		{D149B646-610F-4CCF-BD35-F58FA08448DD}.Release|x64.Build.0 = Release|Any CPU
		{D149B646-610F-4CCF-BD35-F58FA08448DD}.Release|x86.ActiveCfg = Release|Any CPU
		{D149B646-610F-4CCF-BD35-F58FA08448DD}.Release|x86.Build.0 = Release|Any CPU
		{D149B646-610F-4CCF-BD35-F58FA08448DD}.x|.NET.ActiveCfg = Release|Any CPU
		{D149B646-610F-4CCF-BD35-F58FA08448DD}.x|.NET.Build.0 = Release|Any CPU
		{D149B646-610F-4CCF-BD35-F58FA08448DD}.x|Any CPU.ActiveCfg = Release|Any CPU
		{D149B646-610F-4CCF-BD35-F58FA08448DD}.x|Any CPU.Build.0 = Release|Any CPU
		{D149B646-610F-4CCF-BD35-F58FA08448DD}.x|Mixed Platforms.ActiveCfg = Release|Any CPU
		{D149B646-610F-4CCF-BD35-F58FA08448DD}.x|Mixed Platforms.Build.0 = Release|Any CPU
		{D149B646-610F-4CCF-BD35-F58FA08448DD}.x|x64.ActiveCfg = Release|Any CPU
		{D149B646-610F-4CCF-BD35-F58FA08448DD}.x|x64.Build.0 = Release|Any CPU
		{D149B646-610F-4CCF-BD35-F58FA08448DD}.x|x86.ActiveCfg = Release|Any CPU
		{D149B646-610F-4CCF-BD35-F58FA08448DD}.x|x86.Build.0 = Release|Any CPU
		{617DC295-748A-44B7-AE3B-E3D846425765}.Debug|.NET.ActiveCfg = Debug|Any CPU
		{617DC295-748A-44B7-AE3B-E3D846425765}.Debug|Any CPU.ActiveCfg = Debug|Any CPU
		{617DC295-748A-44B7-AE3B-E3D846425765}.Debug|Any CPU.Build.0 = Debug|Any CPU
		{617DC295-748A-44B7-AE3B-E3D846425765}.Debug|Mixed Platforms.ActiveCfg = Debug|Any CPU
		{617DC295-748A-44B7-AE3B-E3D846425765}.Debug|Mixed Platforms.Build.0 = Debug|Any CPU
		{617DC295-748A-44B7-AE3B-E3D846425765}.Debug|x64.ActiveCfg = Debug|Any CPU
		{617DC295-748A-44B7-AE3B-E3D846425765}.Debug|x64.Build.0 = Debug|Any CPU
		{617DC295-748A-44B7-AE3B-E3D846425765}.Debug|x86.ActiveCfg = Debug|Any CPU
		{617DC295-748A-44B7-AE3B-E3D846425765}.Debug|x86.Build.0 = Debug|Any CPU
		{617DC295-748A-44B7-AE3B-E3D846425765}.Release|.NET.ActiveCfg = Release|Any CPU
		{617DC295-748A-44B7-AE3B-E3D846425765}.Release|Any CPU.ActiveCfg = Release|Any CPU
		{617DC295-748A-44B7-AE3B-E3D846425765}.Release|Any CPU.Build.0 = Release|Any CPU
		{617DC295-748A-44B7-AE3B-E3D846425765}.Release|Mixed Platforms.ActiveCfg = Release|Any CPU
		{617DC295-748A-44B7-AE3B-E3D846425765}.Release|Mixed Platforms.Build.0 = Release|Any CPU
		{617DC295-748A-44B7-AE3B-E3D846425765}.Release|x64.ActiveCfg = Release|Any CPU
		{617DC295-748A-44B7-AE3B-E3D846425765}.Release|x64.Build.0 = Release|Any CPU
		{617DC295-748A-44B7-AE3B-E3D846425765}.Release|x86.ActiveCfg = Release|Any CPU
		{617DC295-748A-44B7-AE3B-E3D846425765}.Release|x86.Build.0 = Release|Any CPU
		{617DC295-748A-44B7-AE3B-E3D846425765}.x|.NET.ActiveCfg = x|Any CPU
		{617DC295-748A-44B7-AE3B-E3D846425765}.x|.NET.Build.0 = x|Any CPU
		{617DC295-748A-44B7-AE3B-E3D846425765}.x|Any CPU.ActiveCfg = x|Any CPU
		{617DC295-748A-44B7-AE3B-E3D846425765}.x|Any CPU.Build.0 = x|Any CPU
		{617DC295-748A-44B7-AE3B-E3D846425765}.x|Mixed Platforms.ActiveCfg = x|Any CPU
		{617DC295-748A-44B7-AE3B-E3D846425765}.x|Mixed Platforms.Build.0 = x|Any CPU
		{617DC295-748A-44B7-AE3B-E3D846425765}.x|x64.ActiveCfg = x|Any CPU
		{617DC295-748A-44B7-AE3B-E3D846425765}.x|x64.Build.0 = x|Any CPU
		{617DC295-748A-44B7-AE3B-E3D846425765}.x|x86.ActiveCfg = x|Any CPU
		{617DC295-748A-44B7-AE3B-E3D846425765}.x|x86.Build.0 = x|Any CPU
		{754BBA29-752D-4FED-B165-48C6DC89E79C}.Debug|.NET.ActiveCfg = Debug|Any CPU
		{754BBA29-752D-4FED-B165-48C6DC89E79C}.Debug|Any CPU.ActiveCfg = Debug|Any CPU
		{754BBA29-752D-4FED-B165-48C6DC89E79C}.Debug|Any CPU.Build.0 = Debug|Any CPU
		{754BBA29-752D-4FED-B165-48C6DC89E79C}.Debug|Mixed Platforms.ActiveCfg = Debug|Any CPU
		{754BBA29-752D-4FED-B165-48C6DC89E79C}.Debug|Mixed Platforms.Build.0 = Debug|Any CPU
		{754BBA29-752D-4FED-B165-48C6DC89E79C}.Debug|x64.ActiveCfg = Debug|Any CPU
		{754BBA29-752D-4FED-B165-48C6DC89E79C}.Debug|x64.Build.0 = Debug|Any CPU
		{754BBA29-752D-4FED-B165-48C6DC89E79C}.Debug|x86.ActiveCfg = Debug|Any CPU
		{754BBA29-752D-4FED-B165-48C6DC89E79C}.Debug|x86.Build.0 = Debug|Any CPU
		{754BBA29-752D-4FED-B165-48C6DC89E79C}.Release|.NET.ActiveCfg = Release|Any CPU
		{754BBA29-752D-4FED-B165-48C6DC89E79C}.Release|Any CPU.ActiveCfg = Release|Any CPU
		{754BBA29-752D-4FED-B165-48C6DC89E79C}.Release|Any CPU.Build.0 = Release|Any CPU
		{754BBA29-752D-4FED-B165-48C6DC89E79C}.Release|Mixed Platforms.ActiveCfg = Release|Any CPU
		{754BBA29-752D-4FED-B165-48C6DC89E79C}.Release|Mixed Platforms.Build.0 = Release|Any CPU
		{754BBA29-752D-4FED-B165-48C6DC89E79C}.Release|x64.ActiveCfg = Release|Any CPU
		{754BBA29-752D-4FED-B165-48C6DC89E79C}.Release|x64.Build.0 = Release|Any CPU
		{754BBA29-752D-4FED-B165-48C6DC89E79C}.Release|x86.ActiveCfg = Release|Any CPU
		{754BBA29-752D-4FED-B165-48C6DC89E79C}.Release|x86.Build.0 = Release|Any CPU
		{754BBA29-752D-4FED-B165-48C6DC89E79C}.x|.NET.ActiveCfg = x|Any CPU
		{754BBA29-752D-4FED-B165-48C6DC89E79C}.x|.NET.Build.0 = x|Any CPU
		{754BBA29-752D-4FED-B165-48C6DC89E79C}.x|Any CPU.ActiveCfg = x|Any CPU
		{754BBA29-752D-4FED-B165-48C6DC89E79C}.x|Any CPU.Build.0 = x|Any CPU
		{754BBA29-752D-4FED-B165-48C6DC89E79C}.x|Mixed Platforms.ActiveCfg = x|Any CPU
		{754BBA29-752D-4FED-B165-48C6DC89E79C}.x|Mixed Platforms.Build.0 = x|Any CPU
		{754BBA29-752D-4FED-B165-48C6DC89E79C}.x|x64.ActiveCfg = x|Any CPU
		{754BBA29-752D-4FED-B165-48C6DC89E79C}.x|x64.Build.0 = x|Any CPU
		{754BBA29-752D-4FED-B165-48C6DC89E79C}.x|x86.ActiveCfg = x|Any CPU
		{754BBA29-752D-4FED-B165-48C6DC89E79C}.x|x86.Build.0 = x|Any CPU
		{E223AFA6-7775-441F-B4DB-8C8C9C4B731D}.Debug|.NET.ActiveCfg = Debug|Any CPU
		{E223AFA6-7775-441F-B4DB-8C8C9C4B731D}.Debug|Any CPU.ActiveCfg = Debug|Any CPU
		{E223AFA6-7775-441F-B4DB-8C8C9C4B731D}.Debug|Any CPU.Build.0 = Debug|Any CPU
		{E223AFA6-7775-441F-B4DB-8C8C9C4B731D}.Debug|Mixed Platforms.ActiveCfg = Debug|Any CPU
		{E223AFA6-7775-441F-B4DB-8C8C9C4B731D}.Debug|Mixed Platforms.Build.0 = Debug|Any CPU
		{E223AFA6-7775-441F-B4DB-8C8C9C4B731D}.Debug|x64.ActiveCfg = Debug|Any CPU
		{E223AFA6-7775-441F-B4DB-8C8C9C4B731D}.Debug|x64.Build.0 = Debug|Any CPU
		{E223AFA6-7775-441F-B4DB-8C8C9C4B731D}.Debug|x86.ActiveCfg = Debug|Any CPU
		{E223AFA6-7775-441F-B4DB-8C8C9C4B731D}.Debug|x86.Build.0 = Debug|Any CPU
		{E223AFA6-7775-441F-B4DB-8C8C9C4B731D}.Release|.NET.ActiveCfg = Release|Any CPU
		{E223AFA6-7775-441F-B4DB-8C8C9C4B731D}.Release|Any CPU.ActiveCfg = Release|Any CPU
		{E223AFA6-7775-441F-B4DB-8C8C9C4B731D}.Release|Any CPU.Build.0 = Release|Any CPU
		{E223AFA6-7775-441F-B4DB-8C8C9C4B731D}.Release|Mixed Platforms.ActiveCfg = Release|Any CPU
		{E223AFA6-7775-441F-B4DB-8C8C9C4B731D}.Release|Mixed Platforms.Build.0 = Release|Any CPU
		{E223AFA6-7775-441F-B4DB-8C8C9C4B731D}.Release|x64.ActiveCfg = Release|Any CPU
		{E223AFA6-7775-441F-B4DB-8C8C9C4B731D}.Release|x64.Build.0 = Release|Any CPU
		{E223AFA6-7775-441F-B4DB-8C8C9C4B731D}.Release|x86.ActiveCfg = Release|Any CPU
		{E223AFA6-7775-441F-B4DB-8C8C9C4B731D}.Release|x86.Build.0 = Release|Any CPU
		{E223AFA6-7775-441F-B4DB-8C8C9C4B731D}.x|.NET.ActiveCfg = x|Any CPU
		{E223AFA6-7775-441F-B4DB-8C8C9C4B731D}.x|.NET.Build.0 = x|Any CPU
		{E223AFA6-7775-441F-B4DB-8C8C9C4B731D}.x|Any CPU.ActiveCfg = x|Any CPU
		{E223AFA6-7775-441F-B4DB-8C8C9C4B731D}.x|Any CPU.Build.0 = x|Any CPU
		{E223AFA6-7775-441F-B4DB-8C8C9C4B731D}.x|Mixed Platforms.ActiveCfg = x|Any CPU
		{E223AFA6-7775-441F-B4DB-8C8C9C4B731D}.x|Mixed Platforms.Build.0 = x|Any CPU
		{E223AFA6-7775-441F-B4DB-8C8C9C4B731D}.x|x64.ActiveCfg = x|Any CPU
		{E223AFA6-7775-441F-B4DB-8C8C9C4B731D}.x|x64.Build.0 = x|Any CPU
		{E223AFA6-7775-441F-B4DB-8C8C9C4B731D}.x|x86.ActiveCfg = x|Any CPU
		{E223AFA6-7775-441F-B4DB-8C8C9C4B731D}.x|x86.Build.0 = x|Any CPU
		{BEA3030B-28C7-4791-B160-A8DC5CA442BE}.Debug|.NET.ActiveCfg = Debug|Any CPU
		{BEA3030B-28C7-4791-B160-A8DC5CA442BE}.Debug|Any CPU.ActiveCfg = Debug|Any CPU
		{BEA3030B-28C7-4791-B160-A8DC5CA442BE}.Debug|Any CPU.Build.0 = Debug|Any CPU
		{BEA3030B-28C7-4791-B160-A8DC5CA442BE}.Debug|Mixed Platforms.ActiveCfg = Debug|Any CPU
		{BEA3030B-28C7-4791-B160-A8DC5CA442BE}.Debug|Mixed Platforms.Build.0 = Debug|Any CPU
		{BEA3030B-28C7-4791-B160-A8DC5CA442BE}.Debug|x64.ActiveCfg = Debug|Any CPU
		{BEA3030B-28C7-4791-B160-A8DC5CA442BE}.Debug|x64.Build.0 = Debug|Any CPU
		{BEA3030B-28C7-4791-B160-A8DC5CA442BE}.Debug|x86.ActiveCfg = Debug|Any CPU
		{BEA3030B-28C7-4791-B160-A8DC5CA442BE}.Debug|x86.Build.0 = Debug|Any CPU
		{BEA3030B-28C7-4791-B160-A8DC5CA442BE}.Release|.NET.ActiveCfg = Release|Any CPU
		{BEA3030B-28C7-4791-B160-A8DC5CA442BE}.Release|Any CPU.ActiveCfg = Release|Any CPU
		{BEA3030B-28C7-4791-B160-A8DC5CA442BE}.Release|Any CPU.Build.0 = Release|Any CPU
		{BEA3030B-28C7-4791-B160-A8DC5CA442BE}.Release|Mixed Platforms.ActiveCfg = Release|Any CPU
		{BEA3030B-28C7-4791-B160-A8DC5CA442BE}.Release|Mixed Platforms.Build.0 = Release|Any CPU
		{BEA3030B-28C7-4791-B160-A8DC5CA442BE}.Release|x64.ActiveCfg = Release|Any CPU
		{BEA3030B-28C7-4791-B160-A8DC5CA442BE}.Release|x64.Build.0 = Release|Any CPU
		{BEA3030B-28C7-4791-B160-A8DC5CA442BE}.Release|x86.ActiveCfg = Release|Any CPU
		{BEA3030B-28C7-4791-B160-A8DC5CA442BE}.Release|x86.Build.0 = Release|Any CPU
		{BEA3030B-28C7-4791-B160-A8DC5CA442BE}.x|.NET.ActiveCfg = x|Any CPU
		{BEA3030B-28C7-4791-B160-A8DC5CA442BE}.x|.NET.Build.0 = x|Any CPU
		{BEA3030B-28C7-4791-B160-A8DC5CA442BE}.x|Any CPU.ActiveCfg = x|Any CPU
		{BEA3030B-28C7-4791-B160-A8DC5CA442BE}.x|Any CPU.Build.0 = x|Any CPU
		{BEA3030B-28C7-4791-B160-A8DC5CA442BE}.x|Mixed Platforms.ActiveCfg = x|Any CPU
		{BEA3030B-28C7-4791-B160-A8DC5CA442BE}.x|Mixed Platforms.Build.0 = x|Any CPU
		{BEA3030B-28C7-4791-B160-A8DC5CA442BE}.x|x64.ActiveCfg = x|Any CPU
		{BEA3030B-28C7-4791-B160-A8DC5CA442BE}.x|x64.Build.0 = x|Any CPU
		{BEA3030B-28C7-4791-B160-A8DC5CA442BE}.x|x86.ActiveCfg = x|Any CPU
		{BEA3030B-28C7-4791-B160-A8DC5CA442BE}.x|x86.Build.0 = x|Any CPU
		{AB282BEF-1137-4FDC-BAA1-D33573317F2C}.Debug|.NET.ActiveCfg = Debug|Any CPU
		{AB282BEF-1137-4FDC-BAA1-D33573317F2C}.Debug|Any CPU.ActiveCfg = Debug|Any CPU
		{AB282BEF-1137-4FDC-BAA1-D33573317F2C}.Debug|Any CPU.Build.0 = Debug|Any CPU
		{AB282BEF-1137-4FDC-BAA1-D33573317F2C}.Debug|Mixed Platforms.ActiveCfg = Debug|Any CPU
		{AB282BEF-1137-4FDC-BAA1-D33573317F2C}.Debug|Mixed Platforms.Build.0 = Debug|Any CPU
		{AB282BEF-1137-4FDC-BAA1-D33573317F2C}.Debug|x64.ActiveCfg = Debug|Any CPU
		{AB282BEF-1137-4FDC-BAA1-D33573317F2C}.Debug|x64.Build.0 = Debug|Any CPU
		{AB282BEF-1137-4FDC-BAA1-D33573317F2C}.Debug|x86.ActiveCfg = Debug|Any CPU
		{AB282BEF-1137-4FDC-BAA1-D33573317F2C}.Debug|x86.Build.0 = Debug|Any CPU
		{AB282BEF-1137-4FDC-BAA1-D33573317F2C}.Release|.NET.ActiveCfg = Release|Any CPU
		{AB282BEF-1137-4FDC-BAA1-D33573317F2C}.Release|Any CPU.ActiveCfg = Release|Any CPU
		{AB282BEF-1137-4FDC-BAA1-D33573317F2C}.Release|Any CPU.Build.0 = Release|Any CPU
		{AB282BEF-1137-4FDC-BAA1-D33573317F2C}.Release|Mixed Platforms.ActiveCfg = Release|Any CPU
		{AB282BEF-1137-4FDC-BAA1-D33573317F2C}.Release|Mixed Platforms.Build.0 = Release|Any CPU
		{AB282BEF-1137-4FDC-BAA1-D33573317F2C}.Release|x64.ActiveCfg = Release|Any CPU
		{AB282BEF-1137-4FDC-BAA1-D33573317F2C}.Release|x64.Build.0 = Release|Any CPU
		{AB282BEF-1137-4FDC-BAA1-D33573317F2C}.Release|x86.ActiveCfg = Release|Any CPU
		{AB282BEF-1137-4FDC-BAA1-D33573317F2C}.Release|x86.Build.0 = Release|Any CPU
		{AB282BEF-1137-4FDC-BAA1-D33573317F2C}.x|.NET.ActiveCfg = x|Any CPU
		{AB282BEF-1137-4FDC-BAA1-D33573317F2C}.x|.NET.Build.0 = x|Any CPU
		{AB282BEF-1137-4FDC-BAA1-D33573317F2C}.x|Any CPU.ActiveCfg = x|Any CPU
		{AB282BEF-1137-4FDC-BAA1-D33573317F2C}.x|Any CPU.Build.0 = x|Any CPU
		{AB282BEF-1137-4FDC-BAA1-D33573317F2C}.x|Mixed Platforms.ActiveCfg = x|Any CPU
		{AB282BEF-1137-4FDC-BAA1-D33573317F2C}.x|Mixed Platforms.Build.0 = x|Any CPU
		{AB282BEF-1137-4FDC-BAA1-D33573317F2C}.x|x64.ActiveCfg = x|Any CPU
		{AB282BEF-1137-4FDC-BAA1-D33573317F2C}.x|x64.Build.0 = x|Any CPU
		{AB282BEF-1137-4FDC-BAA1-D33573317F2C}.x|x86.ActiveCfg = x|Any CPU
		{AB282BEF-1137-4FDC-BAA1-D33573317F2C}.x|x86.Build.0 = x|Any CPU
		{F0C6FB6B-8A8D-4BD6-86BF-4C5755C678F8}.Debug|.NET.ActiveCfg = Debug|Any CPU
		{F0C6FB6B-8A8D-4BD6-86BF-4C5755C678F8}.Debug|.NET.Build.0 = Debug|Any CPU
		{F0C6FB6B-8A8D-4BD6-86BF-4C5755C678F8}.Debug|Any CPU.ActiveCfg = Debug|Any CPU
		{F0C6FB6B-8A8D-4BD6-86BF-4C5755C678F8}.Debug|Any CPU.Build.0 = Debug|Any CPU
		{F0C6FB6B-8A8D-4BD6-86BF-4C5755C678F8}.Debug|Mixed Platforms.ActiveCfg = Debug|Any CPU
		{F0C6FB6B-8A8D-4BD6-86BF-4C5755C678F8}.Debug|Mixed Platforms.Build.0 = Debug|Any CPU
		{F0C6FB6B-8A8D-4BD6-86BF-4C5755C678F8}.Debug|x64.ActiveCfg = Debug|x64
		{F0C6FB6B-8A8D-4BD6-86BF-4C5755C678F8}.Debug|x64.Build.0 = Debug|x64
		{F0C6FB6B-8A8D-4BD6-86BF-4C5755C678F8}.Debug|x86.ActiveCfg = Debug|x86
		{F0C6FB6B-8A8D-4BD6-86BF-4C5755C678F8}.Debug|x86.Build.0 = Debug|x86
		{F0C6FB6B-8A8D-4BD6-86BF-4C5755C678F8}.Release|.NET.ActiveCfg = Release|Any CPU
		{F0C6FB6B-8A8D-4BD6-86BF-4C5755C678F8}.Release|.NET.Build.0 = Release|Any CPU
		{F0C6FB6B-8A8D-4BD6-86BF-4C5755C678F8}.Release|Any CPU.ActiveCfg = Release|Any CPU
		{F0C6FB6B-8A8D-4BD6-86BF-4C5755C678F8}.Release|Any CPU.Build.0 = Release|Any CPU
		{F0C6FB6B-8A8D-4BD6-86BF-4C5755C678F8}.Release|Mixed Platforms.ActiveCfg = Release|x86
		{F0C6FB6B-8A8D-4BD6-86BF-4C5755C678F8}.Release|Mixed Platforms.Build.0 = Release|x86
		{F0C6FB6B-8A8D-4BD6-86BF-4C5755C678F8}.Release|x64.ActiveCfg = Release|x64
		{F0C6FB6B-8A8D-4BD6-86BF-4C5755C678F8}.Release|x64.Build.0 = Release|x64
		{F0C6FB6B-8A8D-4BD6-86BF-4C5755C678F8}.Release|x86.ActiveCfg = Release|x86
		{F0C6FB6B-8A8D-4BD6-86BF-4C5755C678F8}.Release|x86.Build.0 = Release|x86
		{F0C6FB6B-8A8D-4BD6-86BF-4C5755C678F8}.x|.NET.ActiveCfg = x|Any CPU
		{F0C6FB6B-8A8D-4BD6-86BF-4C5755C678F8}.x|.NET.Build.0 = x|Any CPU
		{F0C6FB6B-8A8D-4BD6-86BF-4C5755C678F8}.x|Any CPU.ActiveCfg = x|Any CPU
		{F0C6FB6B-8A8D-4BD6-86BF-4C5755C678F8}.x|Any CPU.Build.0 = x|Any CPU
		{F0C6FB6B-8A8D-4BD6-86BF-4C5755C678F8}.x|Mixed Platforms.ActiveCfg = x|x86
		{F0C6FB6B-8A8D-4BD6-86BF-4C5755C678F8}.x|Mixed Platforms.Build.0 = x|x86
		{F0C6FB6B-8A8D-4BD6-86BF-4C5755C678F8}.x|x64.ActiveCfg = x|x64
		{F0C6FB6B-8A8D-4BD6-86BF-4C5755C678F8}.x|x64.Build.0 = x|x64
		{F0C6FB6B-8A8D-4BD6-86BF-4C5755C678F8}.x|x86.ActiveCfg = x|x86
		{F0C6FB6B-8A8D-4BD6-86BF-4C5755C678F8}.x|x86.Build.0 = x|x86
		{F35A26AE-E79F-4FC2-832A-01F6F4550128}.Debug|.NET.ActiveCfg = Debug|Any CPU
		{F35A26AE-E79F-4FC2-832A-01F6F4550128}.Debug|.NET.Build.0 = Debug|Any CPU
		{F35A26AE-E79F-4FC2-832A-01F6F4550128}.Debug|Any CPU.ActiveCfg = Debug|Any CPU
		{F35A26AE-E79F-4FC2-832A-01F6F4550128}.Debug|Any CPU.Build.0 = Debug|Any CPU
		{F35A26AE-E79F-4FC2-832A-01F6F4550128}.Debug|Mixed Platforms.ActiveCfg = Debug|Any CPU
		{F35A26AE-E79F-4FC2-832A-01F6F4550128}.Debug|Mixed Platforms.Build.0 = Debug|Any CPU
		{F35A26AE-E79F-4FC2-832A-01F6F4550128}.Debug|x64.ActiveCfg = Debug|x64
		{F35A26AE-E79F-4FC2-832A-01F6F4550128}.Debug|x64.Build.0 = Debug|x64
		{F35A26AE-E79F-4FC2-832A-01F6F4550128}.Debug|x86.ActiveCfg = Debug|x86
		{F35A26AE-E79F-4FC2-832A-01F6F4550128}.Debug|x86.Build.0 = Debug|x86
		{F35A26AE-E79F-4FC2-832A-01F6F4550128}.Release|.NET.ActiveCfg = Release|Any CPU
		{F35A26AE-E79F-4FC2-832A-01F6F4550128}.Release|.NET.Build.0 = Release|Any CPU
		{F35A26AE-E79F-4FC2-832A-01F6F4550128}.Release|Any CPU.ActiveCfg = Release|Any CPU
		{F35A26AE-E79F-4FC2-832A-01F6F4550128}.Release|Any CPU.Build.0 = Release|Any CPU
		{F35A26AE-E79F-4FC2-832A-01F6F4550128}.Release|Mixed Platforms.ActiveCfg = Release|x86
		{F35A26AE-E79F-4FC2-832A-01F6F4550128}.Release|Mixed Platforms.Build.0 = Release|x86
		{F35A26AE-E79F-4FC2-832A-01F6F4550128}.Release|x64.ActiveCfg = Release|x64
		{F35A26AE-E79F-4FC2-832A-01F6F4550128}.Release|x64.Build.0 = Release|x64
		{F35A26AE-E79F-4FC2-832A-01F6F4550128}.Release|x86.ActiveCfg = Release|x86
		{F35A26AE-E79F-4FC2-832A-01F6F4550128}.Release|x86.Build.0 = Release|x86
		{F35A26AE-E79F-4FC2-832A-01F6F4550128}.x|.NET.ActiveCfg = x|Any CPU
		{F35A26AE-E79F-4FC2-832A-01F6F4550128}.x|.NET.Build.0 = x|Any CPU
		{F35A26AE-E79F-4FC2-832A-01F6F4550128}.x|Any CPU.ActiveCfg = x|Any CPU
		{F35A26AE-E79F-4FC2-832A-01F6F4550128}.x|Any CPU.Build.0 = x|Any CPU
		{F35A26AE-E79F-4FC2-832A-01F6F4550128}.x|Mixed Platforms.ActiveCfg = x|x86
		{F35A26AE-E79F-4FC2-832A-01F6F4550128}.x|Mixed Platforms.Build.0 = x|x86
		{F35A26AE-E79F-4FC2-832A-01F6F4550128}.x|x64.ActiveCfg = x|x64
		{F35A26AE-E79F-4FC2-832A-01F6F4550128}.x|x64.Build.0 = x|x64
		{F35A26AE-E79F-4FC2-832A-01F6F4550128}.x|x86.ActiveCfg = x|x86
		{F35A26AE-E79F-4FC2-832A-01F6F4550128}.x|x86.Build.0 = x|x86
		{BE3E8C5D-29F4-4F80-9E3E-4FCE59F1B50D}.Debug|.NET.ActiveCfg = Debug|Any CPU
		{BE3E8C5D-29F4-4F80-9E3E-4FCE59F1B50D}.Debug|.NET.Build.0 = Debug|Any CPU
		{BE3E8C5D-29F4-4F80-9E3E-4FCE59F1B50D}.Debug|Any CPU.ActiveCfg = Debug|Any CPU
		{BE3E8C5D-29F4-4F80-9E3E-4FCE59F1B50D}.Debug|Any CPU.Build.0 = Debug|Any CPU
		{BE3E8C5D-29F4-4F80-9E3E-4FCE59F1B50D}.Debug|Mixed Platforms.ActiveCfg = Debug|Any CPU
		{BE3E8C5D-29F4-4F80-9E3E-4FCE59F1B50D}.Debug|Mixed Platforms.Build.0 = Debug|Any CPU
		{BE3E8C5D-29F4-4F80-9E3E-4FCE59F1B50D}.Debug|x64.ActiveCfg = Debug|Any CPU
		{BE3E8C5D-29F4-4F80-9E3E-4FCE59F1B50D}.Debug|x64.Build.0 = Debug|Any CPU
		{BE3E8C5D-29F4-4F80-9E3E-4FCE59F1B50D}.Debug|x86.ActiveCfg = Debug|Any CPU
		{BE3E8C5D-29F4-4F80-9E3E-4FCE59F1B50D}.Debug|x86.Build.0 = Debug|Any CPU
		{BE3E8C5D-29F4-4F80-9E3E-4FCE59F1B50D}.Release|.NET.ActiveCfg = Release|Any CPU
		{BE3E8C5D-29F4-4F80-9E3E-4FCE59F1B50D}.Release|.NET.Build.0 = Release|Any CPU
		{BE3E8C5D-29F4-4F80-9E3E-4FCE59F1B50D}.Release|Any CPU.ActiveCfg = Release|Any CPU
		{BE3E8C5D-29F4-4F80-9E3E-4FCE59F1B50D}.Release|Any CPU.Build.0 = Release|Any CPU
		{BE3E8C5D-29F4-4F80-9E3E-4FCE59F1B50D}.Release|Mixed Platforms.ActiveCfg = Release|Any CPU
		{BE3E8C5D-29F4-4F80-9E3E-4FCE59F1B50D}.Release|Mixed Platforms.Build.0 = Release|Any CPU
		{BE3E8C5D-29F4-4F80-9E3E-4FCE59F1B50D}.Release|x64.ActiveCfg = Release|Any CPU
		{BE3E8C5D-29F4-4F80-9E3E-4FCE59F1B50D}.Release|x64.Build.0 = Release|Any CPU
		{BE3E8C5D-29F4-4F80-9E3E-4FCE59F1B50D}.Release|x86.ActiveCfg = Release|Any CPU
		{BE3E8C5D-29F4-4F80-9E3E-4FCE59F1B50D}.Release|x86.Build.0 = Release|Any CPU
		{BE3E8C5D-29F4-4F80-9E3E-4FCE59F1B50D}.x|.NET.ActiveCfg = Release|Any CPU
		{BE3E8C5D-29F4-4F80-9E3E-4FCE59F1B50D}.x|.NET.Build.0 = Release|Any CPU
		{BE3E8C5D-29F4-4F80-9E3E-4FCE59F1B50D}.x|Any CPU.ActiveCfg = Release|Any CPU
		{BE3E8C5D-29F4-4F80-9E3E-4FCE59F1B50D}.x|Any CPU.Build.0 = Release|Any CPU
		{BE3E8C5D-29F4-4F80-9E3E-4FCE59F1B50D}.x|Mixed Platforms.ActiveCfg = Release|Any CPU
		{BE3E8C5D-29F4-4F80-9E3E-4FCE59F1B50D}.x|Mixed Platforms.Build.0 = Release|Any CPU
		{BE3E8C5D-29F4-4F80-9E3E-4FCE59F1B50D}.x|x64.ActiveCfg = Release|Any CPU
		{BE3E8C5D-29F4-4F80-9E3E-4FCE59F1B50D}.x|x64.Build.0 = Release|Any CPU
		{BE3E8C5D-29F4-4F80-9E3E-4FCE59F1B50D}.x|x86.ActiveCfg = Release|Any CPU
		{BE3E8C5D-29F4-4F80-9E3E-4FCE59F1B50D}.x|x86.Build.0 = Release|Any CPU
		{46EB6F5D-4E53-4650-A88F-03208282EB43}.Debug|.NET.ActiveCfg = Debug|Any CPU
		{46EB6F5D-4E53-4650-A88F-03208282EB43}.Debug|.NET.Build.0 = Debug|Any CPU
		{46EB6F5D-4E53-4650-A88F-03208282EB43}.Debug|Any CPU.ActiveCfg = Debug|Any CPU
		{46EB6F5D-4E53-4650-A88F-03208282EB43}.Debug|Any CPU.Build.0 = Debug|Any CPU
		{46EB6F5D-4E53-4650-A88F-03208282EB43}.Debug|Mixed Platforms.ActiveCfg = Debug|Any CPU
		{46EB6F5D-4E53-4650-A88F-03208282EB43}.Debug|Mixed Platforms.Build.0 = Debug|Any CPU
		{46EB6F5D-4E53-4650-A88F-03208282EB43}.Debug|x64.ActiveCfg = Debug|Any CPU
		{46EB6F5D-4E53-4650-A88F-03208282EB43}.Debug|x64.Build.0 = Debug|Any CPU
		{46EB6F5D-4E53-4650-A88F-03208282EB43}.Debug|x86.ActiveCfg = Debug|Any CPU
		{46EB6F5D-4E53-4650-A88F-03208282EB43}.Debug|x86.Build.0 = Debug|Any CPU
		{46EB6F5D-4E53-4650-A88F-03208282EB43}.Release|.NET.ActiveCfg = Release|Any CPU
		{46EB6F5D-4E53-4650-A88F-03208282EB43}.Release|.NET.Build.0 = Release|Any CPU
		{46EB6F5D-4E53-4650-A88F-03208282EB43}.Release|Any CPU.ActiveCfg = Release|Any CPU
		{46EB6F5D-4E53-4650-A88F-03208282EB43}.Release|Any CPU.Build.0 = Release|Any CPU
		{46EB6F5D-4E53-4650-A88F-03208282EB43}.Release|Mixed Platforms.ActiveCfg = Release|Any CPU
		{46EB6F5D-4E53-4650-A88F-03208282EB43}.Release|Mixed Platforms.Build.0 = Release|Any CPU
		{46EB6F5D-4E53-4650-A88F-03208282EB43}.Release|x64.ActiveCfg = Release|Any CPU
		{46EB6F5D-4E53-4650-A88F-03208282EB43}.Release|x64.Build.0 = Release|Any CPU
		{46EB6F5D-4E53-4650-A88F-03208282EB43}.Release|x86.ActiveCfg = Release|Any CPU
		{46EB6F5D-4E53-4650-A88F-03208282EB43}.Release|x86.Build.0 = Release|Any CPU
		{46EB6F5D-4E53-4650-A88F-03208282EB43}.x|.NET.ActiveCfg = Release|Any CPU
		{46EB6F5D-4E53-4650-A88F-03208282EB43}.x|.NET.Build.0 = Release|Any CPU
		{46EB6F5D-4E53-4650-A88F-03208282EB43}.x|Any CPU.ActiveCfg = Release|Any CPU
		{46EB6F5D-4E53-4650-A88F-03208282EB43}.x|Any CPU.Build.0 = Release|Any CPU
		{46EB6F5D-4E53-4650-A88F-03208282EB43}.x|Mixed Platforms.ActiveCfg = Release|Any CPU
		{46EB6F5D-4E53-4650-A88F-03208282EB43}.x|Mixed Platforms.Build.0 = Release|Any CPU
		{46EB6F5D-4E53-4650-A88F-03208282EB43}.x|x64.ActiveCfg = Release|Any CPU
		{46EB6F5D-4E53-4650-A88F-03208282EB43}.x|x64.Build.0 = Release|Any CPU
		{46EB6F5D-4E53-4650-A88F-03208282EB43}.x|x86.ActiveCfg = Release|Any CPU
		{46EB6F5D-4E53-4650-A88F-03208282EB43}.x|x86.Build.0 = Release|Any CPU
		{43D8126B-9C8A-4991-A93D-C23FBD20E0E3}.Debug|.NET.ActiveCfg = Debug|Any CPU
		{43D8126B-9C8A-4991-A93D-C23FBD20E0E3}.Debug|.NET.Build.0 = Debug|Any CPU
		{43D8126B-9C8A-4991-A93D-C23FBD20E0E3}.Debug|Any CPU.ActiveCfg = Debug|Any CPU
		{43D8126B-9C8A-4991-A93D-C23FBD20E0E3}.Debug|Any CPU.Build.0 = Debug|Any CPU
		{43D8126B-9C8A-4991-A93D-C23FBD20E0E3}.Debug|Mixed Platforms.ActiveCfg = Debug|Any CPU
		{43D8126B-9C8A-4991-A93D-C23FBD20E0E3}.Debug|Mixed Platforms.Build.0 = Debug|Any CPU
		{43D8126B-9C8A-4991-A93D-C23FBD20E0E3}.Debug|x64.ActiveCfg = Debug|Any CPU
		{43D8126B-9C8A-4991-A93D-C23FBD20E0E3}.Debug|x64.Build.0 = Debug|Any CPU
		{43D8126B-9C8A-4991-A93D-C23FBD20E0E3}.Debug|x86.ActiveCfg = Debug|Any CPU
		{43D8126B-9C8A-4991-A93D-C23FBD20E0E3}.Debug|x86.Build.0 = Debug|Any CPU
		{43D8126B-9C8A-4991-A93D-C23FBD20E0E3}.Release|.NET.ActiveCfg = Release|Any CPU
		{43D8126B-9C8A-4991-A93D-C23FBD20E0E3}.Release|.NET.Build.0 = Release|Any CPU
		{43D8126B-9C8A-4991-A93D-C23FBD20E0E3}.Release|Any CPU.ActiveCfg = Release|Any CPU
		{43D8126B-9C8A-4991-A93D-C23FBD20E0E3}.Release|Any CPU.Build.0 = Release|Any CPU
		{43D8126B-9C8A-4991-A93D-C23FBD20E0E3}.Release|Mixed Platforms.ActiveCfg = Release|Any CPU
		{43D8126B-9C8A-4991-A93D-C23FBD20E0E3}.Release|Mixed Platforms.Build.0 = Release|Any CPU
		{43D8126B-9C8A-4991-A93D-C23FBD20E0E3}.Release|x64.ActiveCfg = Release|Any CPU
		{43D8126B-9C8A-4991-A93D-C23FBD20E0E3}.Release|x64.Build.0 = Release|Any CPU
		{43D8126B-9C8A-4991-A93D-C23FBD20E0E3}.Release|x86.ActiveCfg = Release|Any CPU
		{43D8126B-9C8A-4991-A93D-C23FBD20E0E3}.Release|x86.Build.0 = Release|Any CPU
		{43D8126B-9C8A-4991-A93D-C23FBD20E0E3}.x|.NET.ActiveCfg = Release|Any CPU
		{43D8126B-9C8A-4991-A93D-C23FBD20E0E3}.x|.NET.Build.0 = Release|Any CPU
		{43D8126B-9C8A-4991-A93D-C23FBD20E0E3}.x|Any CPU.ActiveCfg = Release|Any CPU
		{43D8126B-9C8A-4991-A93D-C23FBD20E0E3}.x|Any CPU.Build.0 = Release|Any CPU
		{43D8126B-9C8A-4991-A93D-C23FBD20E0E3}.x|Mixed Platforms.ActiveCfg = Release|Any CPU
		{43D8126B-9C8A-4991-A93D-C23FBD20E0E3}.x|Mixed Platforms.Build.0 = Release|Any CPU
		{43D8126B-9C8A-4991-A93D-C23FBD20E0E3}.x|x64.ActiveCfg = Release|Any CPU
		{43D8126B-9C8A-4991-A93D-C23FBD20E0E3}.x|x64.Build.0 = Release|Any CPU
		{43D8126B-9C8A-4991-A93D-C23FBD20E0E3}.x|x86.ActiveCfg = Release|Any CPU
		{43D8126B-9C8A-4991-A93D-C23FBD20E0E3}.x|x86.Build.0 = Release|Any CPU
		{142022D8-B853-4C9E-AB93-3504969A9F26}.Debug|.NET.ActiveCfg = Debug|Any CPU
		{142022D8-B853-4C9E-AB93-3504969A9F26}.Debug|.NET.Build.0 = Debug|Any CPU
		{142022D8-B853-4C9E-AB93-3504969A9F26}.Debug|Any CPU.ActiveCfg = Debug|Any CPU
		{142022D8-B853-4C9E-AB93-3504969A9F26}.Debug|Any CPU.Build.0 = Debug|Any CPU
		{142022D8-B853-4C9E-AB93-3504969A9F26}.Debug|Mixed Platforms.ActiveCfg = Debug|Any CPU
		{142022D8-B853-4C9E-AB93-3504969A9F26}.Debug|Mixed Platforms.Build.0 = Debug|Any CPU
		{142022D8-B853-4C9E-AB93-3504969A9F26}.Debug|x64.ActiveCfg = Debug|Any CPU
		{142022D8-B853-4C9E-AB93-3504969A9F26}.Debug|x64.Build.0 = Debug|Any CPU
		{142022D8-B853-4C9E-AB93-3504969A9F26}.Debug|x86.ActiveCfg = Debug|Any CPU
		{142022D8-B853-4C9E-AB93-3504969A9F26}.Debug|x86.Build.0 = Debug|Any CPU
		{142022D8-B853-4C9E-AB93-3504969A9F26}.Release|.NET.ActiveCfg = Release|Any CPU
		{142022D8-B853-4C9E-AB93-3504969A9F26}.Release|.NET.Build.0 = Release|Any CPU
		{142022D8-B853-4C9E-AB93-3504969A9F26}.Release|Any CPU.ActiveCfg = Release|Any CPU
		{142022D8-B853-4C9E-AB93-3504969A9F26}.Release|Any CPU.Build.0 = Release|Any CPU
		{142022D8-B853-4C9E-AB93-3504969A9F26}.Release|Mixed Platforms.ActiveCfg = Release|Any CPU
		{142022D8-B853-4C9E-AB93-3504969A9F26}.Release|Mixed Platforms.Build.0 = Release|Any CPU
		{142022D8-B853-4C9E-AB93-3504969A9F26}.Release|x64.ActiveCfg = Release|Any CPU
		{142022D8-B853-4C9E-AB93-3504969A9F26}.Release|x64.Build.0 = Release|Any CPU
		{142022D8-B853-4C9E-AB93-3504969A9F26}.Release|x86.ActiveCfg = Release|Any CPU
		{142022D8-B853-4C9E-AB93-3504969A9F26}.Release|x86.Build.0 = Release|Any CPU
		{142022D8-B853-4C9E-AB93-3504969A9F26}.x|.NET.ActiveCfg = Release|Any CPU
		{142022D8-B853-4C9E-AB93-3504969A9F26}.x|.NET.Build.0 = Release|Any CPU
		{142022D8-B853-4C9E-AB93-3504969A9F26}.x|Any CPU.ActiveCfg = Release|Any CPU
		{142022D8-B853-4C9E-AB93-3504969A9F26}.x|Any CPU.Build.0 = Release|Any CPU
		{142022D8-B853-4C9E-AB93-3504969A9F26}.x|Mixed Platforms.ActiveCfg = Release|Any CPU
		{142022D8-B853-4C9E-AB93-3504969A9F26}.x|Mixed Platforms.Build.0 = Release|Any CPU
		{142022D8-B853-4C9E-AB93-3504969A9F26}.x|x64.ActiveCfg = Release|Any CPU
		{142022D8-B853-4C9E-AB93-3504969A9F26}.x|x64.Build.0 = Release|Any CPU
		{142022D8-B853-4C9E-AB93-3504969A9F26}.x|x86.ActiveCfg = Release|Any CPU
		{142022D8-B853-4C9E-AB93-3504969A9F26}.x|x86.Build.0 = Release|Any CPU
		{4FE8030A-2EB4-4E4A-B5FC-38D647E336AE}.Debug|.NET.ActiveCfg = Debug|Any CPU
		{4FE8030A-2EB4-4E4A-B5FC-38D647E336AE}.Debug|.NET.Build.0 = Debug|Any CPU
		{4FE8030A-2EB4-4E4A-B5FC-38D647E336AE}.Debug|Any CPU.ActiveCfg = Debug|Any CPU
		{4FE8030A-2EB4-4E4A-B5FC-38D647E336AE}.Debug|Any CPU.Build.0 = Debug|Any CPU
		{4FE8030A-2EB4-4E4A-B5FC-38D647E336AE}.Debug|Mixed Platforms.ActiveCfg = Debug|Any CPU
		{4FE8030A-2EB4-4E4A-B5FC-38D647E336AE}.Debug|Mixed Platforms.Build.0 = Debug|Any CPU
		{4FE8030A-2EB4-4E4A-B5FC-38D647E336AE}.Debug|x64.ActiveCfg = Debug|Any CPU
		{4FE8030A-2EB4-4E4A-B5FC-38D647E336AE}.Debug|x64.Build.0 = Debug|Any CPU
		{4FE8030A-2EB4-4E4A-B5FC-38D647E336AE}.Debug|x86.ActiveCfg = Debug|Any CPU
		{4FE8030A-2EB4-4E4A-B5FC-38D647E336AE}.Debug|x86.Build.0 = Debug|Any CPU
		{4FE8030A-2EB4-4E4A-B5FC-38D647E336AE}.Release|.NET.ActiveCfg = Release|Any CPU
		{4FE8030A-2EB4-4E4A-B5FC-38D647E336AE}.Release|.NET.Build.0 = Release|Any CPU
		{4FE8030A-2EB4-4E4A-B5FC-38D647E336AE}.Release|Any CPU.ActiveCfg = Release|Any CPU
		{4FE8030A-2EB4-4E4A-B5FC-38D647E336AE}.Release|Any CPU.Build.0 = Release|Any CPU
		{4FE8030A-2EB4-4E4A-B5FC-38D647E336AE}.Release|Mixed Platforms.ActiveCfg = Release|Any CPU
		{4FE8030A-2EB4-4E4A-B5FC-38D647E336AE}.Release|Mixed Platforms.Build.0 = Release|Any CPU
		{4FE8030A-2EB4-4E4A-B5FC-38D647E336AE}.Release|x64.ActiveCfg = Release|Any CPU
		{4FE8030A-2EB4-4E4A-B5FC-38D647E336AE}.Release|x64.Build.0 = Release|Any CPU
		{4FE8030A-2EB4-4E4A-B5FC-38D647E336AE}.Release|x86.ActiveCfg = Release|Any CPU
		{4FE8030A-2EB4-4E4A-B5FC-38D647E336AE}.Release|x86.Build.0 = Release|Any CPU
		{4FE8030A-2EB4-4E4A-B5FC-38D647E336AE}.x|.NET.ActiveCfg = Release|Any CPU
		{4FE8030A-2EB4-4E4A-B5FC-38D647E336AE}.x|.NET.Build.0 = Release|Any CPU
		{4FE8030A-2EB4-4E4A-B5FC-38D647E336AE}.x|Any CPU.ActiveCfg = Release|Any CPU
		{4FE8030A-2EB4-4E4A-B5FC-38D647E336AE}.x|Any CPU.Build.0 = Release|Any CPU
		{4FE8030A-2EB4-4E4A-B5FC-38D647E336AE}.x|Mixed Platforms.ActiveCfg = Release|Any CPU
		{4FE8030A-2EB4-4E4A-B5FC-38D647E336AE}.x|Mixed Platforms.Build.0 = Release|Any CPU
		{4FE8030A-2EB4-4E4A-B5FC-38D647E336AE}.x|x64.ActiveCfg = Release|Any CPU
		{4FE8030A-2EB4-4E4A-B5FC-38D647E336AE}.x|x64.Build.0 = Release|Any CPU
		{4FE8030A-2EB4-4E4A-B5FC-38D647E336AE}.x|x86.ActiveCfg = Release|Any CPU
		{4FE8030A-2EB4-4E4A-B5FC-38D647E336AE}.x|x86.Build.0 = Release|Any CPU
		{A794AADB-BAF5-4CFA-B025-184E0B244BF9}.Debug|.NET.ActiveCfg = Debug|Any CPU
		{A794AADB-BAF5-4CFA-B025-184E0B244BF9}.Debug|.NET.Build.0 = Debug|Any CPU
		{A794AADB-BAF5-4CFA-B025-184E0B244BF9}.Debug|Any CPU.ActiveCfg = Debug|Any CPU
		{A794AADB-BAF5-4CFA-B025-184E0B244BF9}.Debug|Any CPU.Build.0 = Debug|Any CPU
		{A794AADB-BAF5-4CFA-B025-184E0B244BF9}.Debug|Mixed Platforms.ActiveCfg = Debug|Any CPU
		{A794AADB-BAF5-4CFA-B025-184E0B244BF9}.Debug|Mixed Platforms.Build.0 = Debug|Any CPU
		{A794AADB-BAF5-4CFA-B025-184E0B244BF9}.Debug|x64.ActiveCfg = Debug|Any CPU
		{A794AADB-BAF5-4CFA-B025-184E0B244BF9}.Debug|x64.Build.0 = Debug|Any CPU
		{A794AADB-BAF5-4CFA-B025-184E0B244BF9}.Debug|x86.ActiveCfg = Debug|Any CPU
		{A794AADB-BAF5-4CFA-B025-184E0B244BF9}.Debug|x86.Build.0 = Debug|Any CPU
		{A794AADB-BAF5-4CFA-B025-184E0B244BF9}.Release|.NET.ActiveCfg = Release|Any CPU
		{A794AADB-BAF5-4CFA-B025-184E0B244BF9}.Release|.NET.Build.0 = Release|Any CPU
		{A794AADB-BAF5-4CFA-B025-184E0B244BF9}.Release|Any CPU.ActiveCfg = Release|Any CPU
		{A794AADB-BAF5-4CFA-B025-184E0B244BF9}.Release|Any CPU.Build.0 = Release|Any CPU
		{A794AADB-BAF5-4CFA-B025-184E0B244BF9}.Release|Mixed Platforms.ActiveCfg = Release|Any CPU
		{A794AADB-BAF5-4CFA-B025-184E0B244BF9}.Release|Mixed Platforms.Build.0 = Release|Any CPU
		{A794AADB-BAF5-4CFA-B025-184E0B244BF9}.Release|x64.ActiveCfg = Release|Any CPU
		{A794AADB-BAF5-4CFA-B025-184E0B244BF9}.Release|x64.Build.0 = Release|Any CPU
		{A794AADB-BAF5-4CFA-B025-184E0B244BF9}.Release|x86.ActiveCfg = Release|Any CPU
		{A794AADB-BAF5-4CFA-B025-184E0B244BF9}.Release|x86.Build.0 = Release|Any CPU
		{A794AADB-BAF5-4CFA-B025-184E0B244BF9}.x|.NET.ActiveCfg = Release|Any CPU
		{A794AADB-BAF5-4CFA-B025-184E0B244BF9}.x|.NET.Build.0 = Release|Any CPU
		{A794AADB-BAF5-4CFA-B025-184E0B244BF9}.x|Any CPU.ActiveCfg = Release|Any CPU
		{A794AADB-BAF5-4CFA-B025-184E0B244BF9}.x|Any CPU.Build.0 = Release|Any CPU
		{A794AADB-BAF5-4CFA-B025-184E0B244BF9}.x|Mixed Platforms.ActiveCfg = Release|Any CPU
		{A794AADB-BAF5-4CFA-B025-184E0B244BF9}.x|Mixed Platforms.Build.0 = Release|Any CPU
		{A794AADB-BAF5-4CFA-B025-184E0B244BF9}.x|x64.ActiveCfg = Release|Any CPU
		{A794AADB-BAF5-4CFA-B025-184E0B244BF9}.x|x64.Build.0 = Release|Any CPU
		{A794AADB-BAF5-4CFA-B025-184E0B244BF9}.x|x86.ActiveCfg = Release|Any CPU
		{A794AADB-BAF5-4CFA-B025-184E0B244BF9}.x|x86.Build.0 = Release|Any CPU
	EndGlobalSection
	GlobalSection(SolutionProperties) = preSolution
		HideSolutionNode = FALSE
	EndGlobalSection
	GlobalSection(NestedProjects) = preSolution
		{617DC295-748A-44B7-AE3B-E3D846425765} = {2C634148-D75A-44FD-A2F0-DAA3DE916C2E}
		{754BBA29-752D-4FED-B165-48C6DC89E79C} = {2C634148-D75A-44FD-A2F0-DAA3DE916C2E}
		{E223AFA6-7775-441F-B4DB-8C8C9C4B731D} = {2C634148-D75A-44FD-A2F0-DAA3DE916C2E}
		{BEA3030B-28C7-4791-B160-A8DC5CA442BE} = {2C634148-D75A-44FD-A2F0-DAA3DE916C2E}
		{AB282BEF-1137-4FDC-BAA1-D33573317F2C} = {2C634148-D75A-44FD-A2F0-DAA3DE916C2E}
		{F0C6FB6B-8A8D-4BD6-86BF-4C5755C678F8} = {2C634148-D75A-44FD-A2F0-DAA3DE916C2E}
		{F35A26AE-E79F-4FC2-832A-01F6F4550128} = {2C634148-D75A-44FD-A2F0-DAA3DE916C2E}
	EndGlobalSection
	GlobalSection(ExtensibilityGlobals) = postSolution
		SolutionGuid = {E73BC646-3770-4C42-BE93-9782A8F739F7}
	EndGlobalSection
EndGlobal
